---
metadata:
  version: "1.0"
artifacts:
  - filename: "libtokenizers.linux-amd64.tar.gz"
    download_url: "https://github.com/daulet/tokenizers/releases/download/v1.22.2/libtokenizers.linux-amd64.tar.gz"
    checksum: sha256:c5f6e6f63491c297d754bde0783c50a04df2b959907a87cb0c81ac7d3b6b4b63
  - filename: "libtokenizers.linux-arm64.tar.gz"
    download_url: "https://github.com/daulet/tokenizers/releases/download/v1.22.2/libtokenizers.linux-arm64.tar.gz"
    checksum: sha256:25c1678dba890f234079838620e1019951a45103526d08a61eacaa58f804e3d4
  - filename: "epel-release-latest-8.noarch.rpm"
    download_url: "https://dl.fedoraproject.org/pub/epel/epel-release-latest-8.noarch.rpm"
    checksum: sha256:b2ad52c14a403045e37ffd65c18283e03e656dc9c6088865f4acdb8835b165c8
  - filename: "epel-release-latest-9.noarch.rpm"
    download_url: "https://dl.fedoraproject.org/pub/epel/epel-release-latest-9.noarch.rpm"
    checksum: sha256:f37633d205b3af14ced35e858da38c6275b12b16f7e8d3f809af725c7077cec5
