---
metadata:
  version: "1.0"
artifacts:
  # Rust toolchain tarballs for building libtokenizers from source (architecture-specific)
  - filename: "rust-1.83.0-x86_64-unknown-linux-gnu.tar.xz"
    download_url: "https://static.rust-lang.org/dist/rust-1.83.0-x86_64-unknown-linux-gnu.tar.xz"
    checksum: sha256:b6467a0e8a6c5dca35269785c994e4d80d89754d6c600162cc9146f90c87ee08
  - filename: "rust-1.83.0-aarch64-unknown-linux-gnu.tar.xz"
    download_url: "https://static.rust-lang.org/dist/rust-1.83.0-aarch64-unknown-linux-gnu.tar.xz"
    checksum: sha256:5f02e00bca65f6eebafe2ac6b1bbdecb5f160f260a9c2231a51ed8d382f0ada0
  # tokenizers source code for building from source (conforma compliance)
  - filename: "tokenizers-v1.22.2.tar.gz"
    download_url: "https://github.com/daulet/tokenizers/archive/refs/tags/v1.22.2.tar.gz"
    checksum: sha256:f00772f3f079c59c5c237464001a19609a4d5bf5588d7117c2deaf4318624e58
