---
lockfileVersion: 1
lockfileVendor: redhat
arches:
- arch: aarch64
  packages:
  - url: https://cdn-ubi.redhat.com/content/public/ubi/dist/ubi9/9/aarch64/baseos/os/Packages/l/libpkgconf-1.7.3-10.el9.aarch64.rpm
    repoid: ubi-9-for-aarch64-baseos-rpms
    size: 38310
    checksum: sha256:9bdfccf6b092e0683aa6984f7c6caa737b30c0b1495e16abb03b5d1a5f8e787a
    name: libpkgconf
    evr: 1.7.3-10.el9
    sourcerpm: pkgconf-1.7.3-10.el9.src.rpm
  - url: https://cdn-ubi.redhat.com/content/public/ubi/dist/ubi9/9/aarch64/baseos/os/Packages/p/pkgconf-1.7.3-10.el9.aarch64.rpm
    repoid: ubi-9-for-aarch64-baseos-rpms
    size: 45196
    checksum: sha256:aa38a3951a690d721a815ea8f9b01995a85f35a8540d8075205821011d0385e6
    name: pkgconf
    evr: 1.7.3-10.el9
    sourcerpm: pkgconf-1.7.3-10.el9.src.rpm
  - url: https://cdn-ubi.redhat.com/content/public/ubi/dist/ubi9/9/aarch64/baseos/os/Packages/p/pkgconf-m4-1.7.3-10.el9.noarch.rpm
    repoid: ubi-9-for-aarch64-baseos-rpms
    size: 16054
    checksum: sha256:91bafd6e06099451f60288327b275cfcc651822f6145176a157c6b0fa5131e02
    name: pkgconf-m4
    evr: 1.7.3-10.el9
    sourcerpm: pkgconf-1.7.3-10.el9.src.rpm
  - url: https://cdn-ubi.redhat.com/content/public/ubi/dist/ubi9/9/aarch64/baseos/os/Packages/p/pkgconf-pkg-config-1.7.3-10.el9.aarch64.rpm
    repoid: ubi-9-for-aarch64-baseos-rpms
    size: 12398
    checksum: sha256:47f1f744f96a2f3d360bc129837738dcebb1ee5032effc4472a891eea1d6a907
    name: pkgconf-pkg-config
    evr: 1.7.3-10.el9
    sourcerpm: pkgconf-1.7.3-10.el9.src.rpm
  - url: https://rhsm-pulp.corp.redhat.com/content/dist/layered/rhel9/aarch64/rhelai/3.0/os/Packages/z/zeromq-4.3.5-1.el9ai.aarch64.rpm
    repoid: rhelai-3.0-for-rhel-9-aarch64-rpms
    size: 398640
    checksum: sha256:f6afffa38b567687a5fdb5e0b479b24a26ae77dff9901c98bd1c84c5e9e44a56
    name: zeromq
    evr: 4.3.5-1.el9ai
    sourcerpm: zeromq-4.3.5-1.el9ai.src.rpm
  - url: https://rhsm-pulp.corp.redhat.com/content/dist/layered/rhel9/aarch64/rhelai/3.0/os/Packages/z/zeromq-devel-4.3.5-1.el9ai.aarch64.rpm
    repoid: rhelai-3.0-for-rhel-9-aarch64-rpms
    size: 15460
    checksum: sha256:b3d2c98f2fd087a8d08fcc93bc83d086c1b350efedf4970bc7784e790b82470f
    name: zeromq-devel
    evr: 4.3.5-1.el9ai
    sourcerpm: zeromq-4.3.5-1.el9ai.src.rpm
  source:
  - url: https://cdn-ubi.redhat.com/content/public/ubi/dist/ubi9/9/aarch64/baseos/source/SRPMS/Packages/p/pkgconf-1.7.3-10.el9.src.rpm
    repoid: ubi-9-for-aarch64-baseos-source-rpms
    size: 310904
    checksum: sha256:4d53718592b298ca7c49665b1f4e7bd32dcb42cad15c89345585da9f20d4fcae
    name: pkgconf
    evr: 1.7.3-10.el9
  - url: https://rhsm-pulp.corp.redhat.com/content/dist/layered/rhel9/aarch64/rhelai/3.0/source/SRPMS/Packages/z/zeromq-4.3.5-1.el9ai.src.rpm
    repoid: rhelai-3.0-for-rhel-9-aarch64-source-rpms
    size: 876724
    checksum: sha256:220b3422395bcf91cec4f9e81d2ebca94c49ade04d66310d6e715aa6434f1168
    name: zeromq
    evr: 4.3.5-1.el9ai
  module_metadata: []
- arch: x86_64
  packages:
  - url: https://cdn-ubi.redhat.com/content/public/ubi/dist/ubi9/9/x86_64/baseos/os/Packages/l/libpkgconf-1.7.3-10.el9.x86_64.rpm
    repoid: ubi-9-for-x86_64-baseos-rpms
    size: 38387
    checksum: sha256:4feae5941b73640bd86b8d506a657cac5b770043db1464fbcd207721b2159dda
    name: libpkgconf
    evr: 1.7.3-10.el9
    sourcerpm: pkgconf-1.7.3-10.el9.src.rpm
  - url: https://cdn-ubi.redhat.com/content/public/ubi/dist/ubi9/9/x86_64/baseos/os/Packages/p/pkgconf-1.7.3-10.el9.x86_64.rpm
    repoid: ubi-9-for-x86_64-baseos-rpms
    size: 45675
    checksum: sha256:bb47b4ecc499c308f41031a99e723827d152d5d750f59849d0c265d820944a26
    name: pkgconf
    evr: 1.7.3-10.el9
    sourcerpm: pkgconf-1.7.3-10.el9.src.rpm
  - url: https://cdn-ubi.redhat.com/content/public/ubi/dist/ubi9/9/x86_64/baseos/os/Packages/p/pkgconf-m4-1.7.3-10.el9.noarch.rpm
    repoid: ubi-9-for-x86_64-baseos-rpms
    size: 16054
    checksum: sha256:91bafd6e06099451f60288327b275cfcc651822f6145176a157c6b0fa5131e02
    name: pkgconf-m4
    evr: 1.7.3-10.el9
    sourcerpm: pkgconf-1.7.3-10.el9.src.rpm
  - url: https://cdn-ubi.redhat.com/content/public/ubi/dist/ubi9/9/x86_64/baseos/os/Packages/p/pkgconf-pkg-config-1.7.3-10.el9.x86_64.rpm
    repoid: ubi-9-for-x86_64-baseos-rpms
    size: 12438
    checksum: sha256:9a502d81d73d3303ceb53a06ad7ce525c97117ea64352174a33708bf3429283d
    name: pkgconf-pkg-config
    evr: 1.7.3-10.el9
    sourcerpm: pkgconf-1.7.3-10.el9.src.rpm
  - url: https://rhsm-pulp.corp.redhat.com/content/dist/layered/rhel9/x86_64/rhelai/3.0/os/Packages/z/zeromq-4.3.5-1.el9ai.x86_64.rpm
    repoid: rhelai-3.0-for-rhel-9-x86_64-rpms
    size: 415471
    checksum: sha256:e0c5acf69309e97094d58719014fb3f137e6e46eae874e363ee234ef61ece076
    name: zeromq
    evr: 4.3.5-1.el9ai
    sourcerpm: zeromq-4.3.5-1.el9ai.src.rpm
  - url: https://rhsm-pulp.corp.redhat.com/content/dist/layered/rhel9/x86_64/rhelai/3.0/os/Packages/z/zeromq-devel-4.3.5-1.el9ai.x86_64.rpm
    repoid: rhelai-3.0-for-rhel-9-x86_64-rpms
    size: 15492
    checksum: sha256:cbd24ef0e3d8c970fde0278d962b3333977c1a558c6822ff686f3f3cea917b9c
    name: zeromq-devel
    evr: 4.3.5-1.el9ai
    sourcerpm: zeromq-4.3.5-1.el9ai.src.rpm
  source:
  - url: https://cdn-ubi.redhat.com/content/public/ubi/dist/ubi9/9/x86_64/baseos/source/SRPMS/Packages/p/pkgconf-1.7.3-10.el9.src.rpm
    repoid: ubi-9-for-x86_64-baseos-source-rpms
    size: 310904
    checksum: sha256:4d53718592b298ca7c49665b1f4e7bd32dcb42cad15c89345585da9f20d4fcae
    name: pkgconf
    evr: 1.7.3-10.el9
  - url: https://rhsm-pulp.corp.redhat.com/content/dist/layered/rhel9/x86_64/rhelai/3.0/source/SRPMS/Packages/z/zeromq-4.3.5-1.el9ai.src.rpm
    repoid: rhelai-3.0-for-rhel-9-x86_64-source-rpms
    size: 876724
    checksum: sha256:220b3422395bcf91cec4f9e81d2ebca94c49ade04d66310d6e715aa6434f1168
    name: zeromq
    evr: 4.3.5-1.el9ai
  module_metadata: []
