---
lockfileVersion: 1
lockfileVendor: redhat
arches:
- arch: aarch64
  packages:
  - url: https://cdn-ubi.redhat.com/content/public/ubi/dist/ubi9/9/aarch64/appstream/os/Packages/c/cpp-11.5.0-5.el9_5.aarch64.rpm
    repoid: ubi-9-for-aarch64-appstream-rpms
    size: 10795955
    checksum: sha256:fd6561d7ca6a5ec7a9d9c17c623d97c24eec8f6c8de91081ba95343ebd0de7c2
    name: cpp
    evr: 11.5.0-5.el9_5
    sourcerpm: gcc-11.5.0-5.el9_5.src.rpm
  - url: https://cdn-ubi.redhat.com/content/public/ubi/dist/ubi9/9/aarch64/appstream/os/Packages/g/gcc-11.5.0-5.el9_5.aarch64.rpm
    repoid: ubi-9-for-aarch64-appstream-rpms
    size: 31300907
    checksum: sha256:0adab9938458e552e3d5433c668d7abb946be0a81b2b510a201136efbca51601
    name: gcc
    evr: 11.5.0-5.el9_5
    sourcerpm: gcc-11.5.0-5.el9_5.src.rpm
  - url: https://cdn-ubi.redhat.com/content/public/ubi/dist/ubi9/9/aarch64/appstream/os/Packages/g/gcc-c++-11.5.0-5.el9_5.aarch64.rpm
    repoid: ubi-9-for-aarch64-appstream-rpms
    size: 12999288
    checksum: sha256:a9ff0bd2a2b3483e07dcf87f8137a6358f36f5300c934b90500f119f884e3463
    name: gcc-c++
    evr: 11.5.0-5.el9_5
    sourcerpm: gcc-11.5.0-5.el9_5.src.rpm
  - url: https://cdn-ubi.redhat.com/content/public/ubi/dist/ubi9/9/aarch64/appstream/os/Packages/g/glibc-devel-2.34-168.el9_6.24.aarch64.rpm
    repoid: ubi-9-for-aarch64-appstream-rpms
    size: 561564
    checksum: sha256:775e17a2f79a700ba9c3f2407e6a55b2a356b31ff3484581eb7f5086b2e0bee8
    name: glibc-devel
    evr: 2.34-168.el9_6.24
    sourcerpm: glibc-2.34-168.el9_6.24.src.rpm
  - url: https://cdn-ubi.redhat.com/content/public/ubi/dist/ubi9/9/aarch64/appstream/os/Packages/k/kernel-headers-5.14.0-570.62.1.el9_6.aarch64.rpm
    repoid: ubi-9-for-aarch64-appstream-rpms
    size: 3705537
    checksum: sha256:5028c463f66ad29ac525c73cfca06e513fb89e2936144204dbc7917d193cc6f8
    name: kernel-headers
    evr: 5.14.0-570.62.1.el9_6
    sourcerpm: kernel-5.14.0-570.62.1.el9_6.src.rpm
  - url: https://cdn-ubi.redhat.com/content/public/ubi/dist/ubi9/9/aarch64/appstream/os/Packages/l/libasan-11.5.0-5.el9_5.aarch64.rpm
    repoid: ubi-9-for-aarch64-appstream-rpms
    size: 413819
    checksum: sha256:3febfe157847f68e8c94796eb4a0e2d4c3c660b33c91ad068dd75f785ae76fa0
    name: libasan
    evr: 11.5.0-5.el9_5
    sourcerpm: gcc-11.5.0-5.el9_5.src.rpm
  - url: https://cdn-ubi.redhat.com/content/public/ubi/dist/ubi9/9/aarch64/appstream/os/Packages/l/libmpc-1.2.1-4.el9.aarch64.rpm
    repoid: ubi-9-for-aarch64-appstream-rpms
    size: 67120
    checksum: sha256:3763354a5f45d886f9976eec20eb34f8afc2144c69ffba07de546f2820893c70
    name: libmpc
    evr: 1.2.1-4.el9
    sourcerpm: libmpc-1.2.1-4.el9.src.rpm
  - url: https://cdn-ubi.redhat.com/content/public/ubi/dist/ubi9/9/aarch64/appstream/os/Packages/l/libstdc++-devel-11.5.0-5.el9_5.aarch64.rpm
    repoid: ubi-9-for-aarch64-appstream-rpms
    size: 2526795
    checksum: sha256:83a2006137335a9b17a05a02a54481abcdfd295b280b924c51caaacd7bf07ad6
    name: libstdc++-devel
    evr: 11.5.0-5.el9_5
    sourcerpm: gcc-11.5.0-5.el9_5.src.rpm
  - url: https://cdn-ubi.redhat.com/content/public/ubi/dist/ubi9/9/aarch64/appstream/os/Packages/l/libubsan-11.5.0-5.el9_5.aarch64.rpm
    repoid: ubi-9-for-aarch64-appstream-rpms
    size: 183667
    checksum: sha256:0751fe4ed4571b48dbca8664a16b410030ec76e2f5d71234807751458d717f31
    name: libubsan
    evr: 11.5.0-5.el9_5
    sourcerpm: gcc-11.5.0-5.el9_5.src.rpm
  - url: https://cdn-ubi.redhat.com/content/public/ubi/dist/ubi9/9/aarch64/appstream/os/Packages/l/libxcrypt-devel-4.4.18-3.el9.aarch64.rpm
    repoid: ubi-9-for-aarch64-appstream-rpms
    size: 33051
    checksum: sha256:9d621f33df35b9c274b8d65457d6c67fc1522b6c62cf7b2341a4a99f39a93507
    name: libxcrypt-devel
    evr: 4.4.18-3.el9
    sourcerpm: libxcrypt-4.4.18-3.el9.src.rpm
  - url: https://cdn-ubi.redhat.com/content/public/ubi/dist/ubi9/9/aarch64/baseos/os/Packages/b/binutils-2.35.2-63.el9.aarch64.rpm
    repoid: ubi-9-for-aarch64-baseos-rpms
    size: 5023899
    checksum: sha256:c0daaed62bf2dc4ff0f3a30e3f0c538170c998c2b805acf931b7e8b77accf087
    name: binutils
    evr: 2.35.2-63.el9
    sourcerpm: binutils-2.35.2-63.el9.src.rpm
  - url: https://cdn-ubi.redhat.com/content/public/ubi/dist/ubi9/9/aarch64/baseos/os/Packages/b/binutils-gold-2.35.2-63.el9.aarch64.rpm
    repoid: ubi-9-for-aarch64-baseos-rpms
    size: 903496
    checksum: sha256:71c324de618542f894eb113644b2082d2f0e8d648d31a32f8a5fe14a78a5d295
    name: binutils-gold
    evr: 2.35.2-63.el9
    sourcerpm: binutils-2.35.2-63.el9.src.rpm
  - url: https://cdn-ubi.redhat.com/content/public/ubi/dist/ubi9/9/aarch64/baseos/os/Packages/e/elfutils-debuginfod-client-0.192-6.el9_6.aarch64.rpm
    repoid: ubi-9-for-aarch64-baseos-rpms
    size: 45890
    checksum: sha256:e2d5ce8ec635caf5e6e87275370d055daf2b6ee8837981ac9154bfee9c6859a0
    name: elfutils-debuginfod-client
    evr: 0.192-6.el9_6
    sourcerpm: elfutils-0.192-6.el9_6.src.rpm
  - url: https://cdn-ubi.redhat.com/content/public/ubi/dist/ubi9/9/aarch64/baseos/os/Packages/e/elfutils-default-yama-scope-0.192-6.el9_6.noarch.rpm
    repoid: ubi-9-for-aarch64-baseos-rpms
    size: 9980
    checksum: sha256:847f0cbedaef67673aadcd1bc5b8f6b9b8cb5e0cb6896c6586abe89829469c99
    name: elfutils-default-yama-scope
    evr: 0.192-6.el9_6
    sourcerpm: elfutils-0.192-6.el9_6.src.rpm
  - url: https://cdn-ubi.redhat.com/content/public/ubi/dist/ubi9/9/aarch64/baseos/os/Packages/e/elfutils-libelf-0.192-6.el9_6.aarch64.rpm
    repoid: ubi-9-for-aarch64-baseos-rpms
    size: 211737
    checksum: sha256:b280afd66943a3e9d7fd2f5d913f6c0efa6d1c2beb69a332808cd69d425c29f4
    name: elfutils-libelf
    evr: 0.192-6.el9_6
    sourcerpm: elfutils-0.192-6.el9_6.src.rpm
  - url: https://cdn-ubi.redhat.com/content/public/ubi/dist/ubi9/9/aarch64/baseos/os/Packages/e/elfutils-libs-0.192-6.el9_6.aarch64.rpm
    repoid: ubi-9-for-aarch64-baseos-rpms
    size: 267762
    checksum: sha256:8268ef7ac4cfb01bc01b60d79f884da2ea0229154500b638e13ba46a4ca15d14
    name: elfutils-libs
    evr: 0.192-6.el9_6
    sourcerpm: elfutils-0.192-6.el9_6.src.rpm
  - url: https://cdn-ubi.redhat.com/content/public/ubi/dist/ubi9/9/aarch64/baseos/os/Packages/g/glibc-2.34-168.el9_6.24.aarch64.rpm
    repoid: ubi-9-for-aarch64-baseos-rpms
    size: 1786734
    checksum: sha256:acd013408b08fc990bc58735273841475edb0736ec0a5dc932d1d01a73cd23f0
    name: glibc
    evr: 2.34-168.el9_6.24
    sourcerpm: glibc-2.34-168.el9_6.24.src.rpm
  - url: https://cdn-ubi.redhat.com/content/public/ubi/dist/ubi9/9/aarch64/baseos/os/Packages/g/glibc-common-2.34-168.el9_6.24.aarch64.rpm
    repoid: ubi-9-for-aarch64-baseos-rpms
    size: 298261
    checksum: sha256:c7d35f66f56489fcd15470cacbda77b6e6ffbe709ee49f7c46f3f403933752f1
    name: glibc-common
    evr: 2.34-168.el9_6.24
    sourcerpm: glibc-2.34-168.el9_6.24.src.rpm
  - url: https://cdn-ubi.redhat.com/content/public/ubi/dist/ubi9/9/aarch64/baseos/os/Packages/g/glibc-langpack-en-2.34-168.el9_6.24.aarch64.rpm
    repoid: ubi-9-for-aarch64-baseos-rpms
    size: 670305
    checksum: sha256:4a569fc59c5d04fc2166b9b6570d4d80a9fba2dfadf8b26f82226aae1ad92881
    name: glibc-langpack-en
    evr: 2.34-168.el9_6.24
    sourcerpm: glibc-2.34-168.el9_6.24.src.rpm
  - url: https://cdn-ubi.redhat.com/content/public/ubi/dist/ubi9/9/aarch64/baseos/os/Packages/g/glibc-minimal-langpack-2.34-168.el9_6.24.aarch64.rpm
    repoid: ubi-9-for-aarch64-baseos-rpms
    size: 17281
    checksum: sha256:4f7cb378501bd7e9a09e5ea4659277d6094086879d9574426f9bff1b77636481
    name: glibc-minimal-langpack
    evr: 2.34-168.el9_6.24
    sourcerpm: glibc-2.34-168.el9_6.24.src.rpm
  - url: https://cdn-ubi.redhat.com/content/public/ubi/dist/ubi9/9/aarch64/baseos/os/Packages/l/libgomp-11.5.0-5.el9_5.aarch64.rpm
    repoid: ubi-9-for-aarch64-baseos-rpms
    size: 267717
    checksum: sha256:417eeb095770944a0c25551771d9ae2ea367b3c979eba9da8a529957f49bafa5
    name: libgomp
    evr: 11.5.0-5.el9_5
    sourcerpm: gcc-11.5.0-5.el9_5.src.rpm
  - url: https://cdn-ubi.redhat.com/content/public/ubi/dist/ubi9/9/aarch64/baseos/os/Packages/l/libpkgconf-1.7.3-10.el9.aarch64.rpm
    repoid: ubi-9-for-aarch64-baseos-rpms
    size: 38310
    checksum: sha256:9bdfccf6b092e0683aa6984f7c6caa737b30c0b1495e16abb03b5d1a5f8e787a
    name: libpkgconf
    evr: 1.7.3-10.el9
    sourcerpm: pkgconf-1.7.3-10.el9.src.rpm
  - url: https://cdn-ubi.redhat.com/content/public/ubi/dist/ubi9/9/aarch64/baseos/os/Packages/m/make-4.3-8.el9.aarch64.rpm
    repoid: ubi-9-for-aarch64-baseos-rpms
    size: 550249
    checksum: sha256:351a22b0e6744bd329b1b0f22d9c3b69a6da970b575e6c76190cc84b0fe77450
    name: make
    evr: 1:4.3-8.el9
    sourcerpm: make-4.3-8.el9.src.rpm
  - url: https://cdn-ubi.redhat.com/content/public/ubi/dist/ubi9/9/aarch64/baseos/os/Packages/p/pkgconf-1.7.3-10.el9.aarch64.rpm
    repoid: ubi-9-for-aarch64-baseos-rpms
    size: 45196
    checksum: sha256:aa38a3951a690d721a815ea8f9b01995a85f35a8540d8075205821011d0385e6
    name: pkgconf
    evr: 1.7.3-10.el9
    sourcerpm: pkgconf-1.7.3-10.el9.src.rpm
  - url: https://cdn-ubi.redhat.com/content/public/ubi/dist/ubi9/9/aarch64/baseos/os/Packages/p/pkgconf-m4-1.7.3-10.el9.noarch.rpm
    repoid: ubi-9-for-aarch64-baseos-rpms
    size: 16054
    checksum: sha256:91bafd6e06099451f60288327b275cfcc651822f6145176a157c6b0fa5131e02
    name: pkgconf-m4
    evr: 1.7.3-10.el9
    sourcerpm: pkgconf-1.7.3-10.el9.src.rpm
  - url: https://cdn-ubi.redhat.com/content/public/ubi/dist/ubi9/9/aarch64/baseos/os/Packages/p/pkgconf-pkg-config-1.7.3-10.el9.aarch64.rpm
    repoid: ubi-9-for-aarch64-baseos-rpms
    size: 12398
    checksum: sha256:47f1f744f96a2f3d360bc129837738dcebb1ee5032effc4472a891eea1d6a907
    name: pkgconf-pkg-config
    evr: 1.7.3-10.el9
    sourcerpm: pkgconf-1.7.3-10.el9.src.rpm
  - url: https://rhsm-pulp.corp.redhat.com/content/dist/layered/rhel9/aarch64/rhelai/3.0/os/Packages/z/zeromq-4.3.5-1.el9ai.aarch64.rpm
    repoid: rhelai-3.0-for-rhel-9-aarch64-rpms
    size: 398640
    checksum: sha256:f6afffa38b567687a5fdb5e0b479b24a26ae77dff9901c98bd1c84c5e9e44a56
    name: zeromq
    evr: 4.3.5-1.el9ai
    sourcerpm: zeromq-4.3.5-1.el9ai.src.rpm
  - url: https://rhsm-pulp.corp.redhat.com/content/dist/layered/rhel9/aarch64/rhelai/3.0/os/Packages/z/zeromq-devel-4.3.5-1.el9ai.aarch64.rpm
    repoid: rhelai-3.0-for-rhel-9-aarch64-rpms
    size: 15460
    checksum: sha256:b3d2c98f2fd087a8d08fcc93bc83d086c1b350efedf4970bc7784e790b82470f
    name: zeromq-devel
    evr: 4.3.5-1.el9ai
    sourcerpm: zeromq-4.3.5-1.el9ai.src.rpm
  source:
  - url: https://cdn-ubi.redhat.com/content/public/ubi/dist/ubi9/9/aarch64/appstream/source/SRPMS/Packages/l/libmpc-1.2.1-4.el9.src.rpm
    repoid: ubi-9-for-aarch64-appstream-source-rpms
    size: 846236
    checksum: sha256:47774c27b65e63251f3a1cea99efbe8caed86448a573e34a44ab28ad88cc3ece
    name: libmpc
    evr: 1.2.1-4.el9
  - url: https://cdn-ubi.redhat.com/content/public/ubi/dist/ubi9/9/aarch64/baseos/source/SRPMS/Packages/b/binutils-2.35.2-63.el9.src.rpm
    repoid: ubi-9-for-aarch64-baseos-source-rpms
    size: 22426920
    checksum: sha256:7e8e6c0116f7e862225990df4faaa664fe3b86198538cd350f01b3e5bd16cf41
    name: binutils
    evr: 2.35.2-63.el9
  - url: https://cdn-ubi.redhat.com/content/public/ubi/dist/ubi9/9/aarch64/baseos/source/SRPMS/Packages/e/elfutils-0.192-6.el9_6.src.rpm
    repoid: ubi-9-for-aarch64-baseos-source-rpms
    size: 11944670
    checksum: sha256:afe7c9bef952ed086637fe83ac77bfafa70bf2ba28c1d7aaa51a18c9a75146b6
    name: elfutils
    evr: 0.192-6.el9_6
  - url: https://cdn-ubi.redhat.com/content/public/ubi/dist/ubi9/9/aarch64/baseos/source/SRPMS/Packages/g/gcc-11.5.0-5.el9_5.src.rpm
    repoid: ubi-9-for-aarch64-baseos-source-rpms
    size: 81877102
    checksum: sha256:ed35dd39cd89aec444199a916667169638150fd12199dbb3c3d2638e43121565
    name: gcc
    evr: 11.5.0-5.el9_5
  - url: https://cdn-ubi.redhat.com/content/public/ubi/dist/ubi9/9/aarch64/baseos/source/SRPMS/Packages/g/glibc-2.34-168.el9_6.24.src.rpm
    repoid: ubi-9-for-aarch64-baseos-source-rpms
    size: 19844004
    checksum: sha256:7c3dc8448748d98fb9af6f1ec0115ea61b0618135f5eb0104298bc1f9927eea3
    name: glibc
    evr: 2.34-168.el9_6.24
  - url: https://cdn-ubi.redhat.com/content/public/ubi/dist/ubi9/9/aarch64/baseos/source/SRPMS/Packages/l/libxcrypt-4.4.18-3.el9.src.rpm
    repoid: ubi-9-for-aarch64-baseos-source-rpms
    size: 543970
    checksum: sha256:d18f72eb41ecd0370e2e47f1dc5774be54e9ff3b4dd333578017666c7c488f40
    name: libxcrypt
    evr: 4.4.18-3.el9
  - url: https://cdn-ubi.redhat.com/content/public/ubi/dist/ubi9/9/aarch64/baseos/source/SRPMS/Packages/m/make-4.3-8.el9.src.rpm
    repoid: ubi-9-for-aarch64-baseos-source-rpms
    size: 2335546
    checksum: sha256:a5cc45d6c158b255cda528c496dbb8bc7783acb9898b97a39a1811230e102d7c
    name: make
    evr: 1:4.3-8.el9
  - url: https://cdn-ubi.redhat.com/content/public/ubi/dist/ubi9/9/aarch64/baseos/source/SRPMS/Packages/p/pkgconf-1.7.3-10.el9.src.rpm
    repoid: ubi-9-for-aarch64-baseos-source-rpms
    size: 310904
    checksum: sha256:4d53718592b298ca7c49665b1f4e7bd32dcb42cad15c89345585da9f20d4fcae
    name: pkgconf
    evr: 1.7.3-10.el9
  - url: https://rhsm-pulp.corp.redhat.com/content/dist/layered/rhel9/aarch64/rhelai/3.0/source/SRPMS/Packages/z/zeromq-4.3.5-1.el9ai.src.rpm
    repoid: rhelai-3.0-for-rhel-9-aarch64-source-rpms
    size: 876724
    checksum: sha256:220b3422395bcf91cec4f9e81d2ebca94c49ade04d66310d6e715aa6434f1168
    name: zeromq
    evr: 4.3.5-1.el9ai
  module_metadata: []
- arch: x86_64
  packages:
  - url: https://cdn-ubi.redhat.com/content/public/ubi/dist/ubi9/9/x86_64/appstream/os/Packages/c/cpp-11.5.0-11.el9.x86_64.rpm
    repoid: ubi-9-for-x86_64-appstream-rpms
    size: 11224872
    checksum: sha256:421a6f9e65d57c0b34128d7c5712c6617d87f7fc2fa896feb291f01aede6c4d2
    name: cpp
    evr: 11.5.0-11.el9
    sourcerpm: gcc-11.5.0-11.el9.src.rpm
  - url: https://cdn-ubi.redhat.com/content/public/ubi/dist/ubi9/9/x86_64/appstream/os/Packages/g/gcc-11.5.0-11.el9.x86_64.rpm
    repoid: ubi-9-for-x86_64-appstream-rpms
    size: 33986019
    checksum: sha256:9d6a29987112382e29640de757c7d6360b5742e8bded1696b335b5e98898acb9
    name: gcc
    evr: 11.5.0-11.el9
    sourcerpm: gcc-11.5.0-11.el9.src.rpm
  - url: https://cdn-ubi.redhat.com/content/public/ubi/dist/ubi9/9/x86_64/appstream/os/Packages/g/gcc-c++-11.5.0-11.el9.x86_64.rpm
    repoid: ubi-9-for-x86_64-appstream-rpms
    size: 13478056
    checksum: sha256:b1eb2b69b5bdfb10dcd7fdba099659bd28996a80c17c5cde23d95a0467f5ee09
    name: gcc-c++
    evr: 11.5.0-11.el9
    sourcerpm: gcc-11.5.0-11.el9.src.rpm
  - url: https://cdn-ubi.redhat.com/content/public/ubi/dist/ubi9/9/x86_64/appstream/os/Packages/g/glibc-devel-2.34-231.el9_7.2.x86_64.rpm
    repoid: ubi-9-for-x86_64-appstream-rpms
    size: 37885
    checksum: sha256:6468a64e723d9fff4921fe05b8b5117b19277999053b20d67416f727b2b8d3dd
    name: glibc-devel
    evr: 2.34-231.el9_7.2
    sourcerpm: glibc-2.34-231.el9_7.2.src.rpm
  - url: https://cdn-ubi.redhat.com/content/public/ubi/dist/ubi9/9/x86_64/appstream/os/Packages/g/glibc-headers-2.34-231.el9_7.2.x86_64.rpm
    repoid: ubi-9-for-x86_64-appstream-rpms
    size: 558293
    checksum: sha256:f4405218c4527e240f0739ba1b63e8a653e74ef48e960c0e164da55eec8c51dc
    name: glibc-headers
    evr: 2.34-231.el9_7.2
    sourcerpm: glibc-2.34-231.el9_7.2.src.rpm
  - url: https://cdn-ubi.redhat.com/content/public/ubi/dist/ubi9/9/x86_64/appstream/os/Packages/k/kernel-headers-5.14.0-611.5.1.el9_7.x86_64.rpm
    repoid: ubi-9-for-x86_64-appstream-rpms
    size: 2976877
    checksum: sha256:8676291b59fcae2ddc25db7050e1b56ad7f0273147767912b26e61b12a4381ff
    name: kernel-headers
    evr: 5.14.0-611.5.1.el9_7
    sourcerpm: kernel-5.14.0-611.5.1.el9_7.src.rpm
  - url: https://cdn-ubi.redhat.com/content/public/ubi/dist/ubi9/9/x86_64/appstream/os/Packages/l/libmpc-1.2.1-4.el9.x86_64.rpm
    repoid: ubi-9-for-x86_64-appstream-rpms
    size: 66075
    checksum: sha256:b97b4e98c3c6f41dcfc2ceb4ffa1aba7a338b7cfd9e6c4f63e3160dd3cc033d3
    name: libmpc
    evr: 1.2.1-4.el9
    sourcerpm: libmpc-1.2.1-4.el9.src.rpm
  - url: https://cdn-ubi.redhat.com/content/public/ubi/dist/ubi9/9/x86_64/appstream/os/Packages/l/libstdc++-devel-11.5.0-11.el9.x86_64.rpm
    repoid: ubi-9-for-x86_64-appstream-rpms
    size: 2524732
    checksum: sha256:68e2fcc6633e3f36b3c91316295f26bac30ecf33cfff247bef15ae41523928ff
    name: libstdc++-devel
    evr: 11.5.0-11.el9
    sourcerpm: gcc-11.5.0-11.el9.src.rpm
  - url: https://cdn-ubi.redhat.com/content/public/ubi/dist/ubi9/9/x86_64/appstream/os/Packages/l/libxcrypt-devel-4.4.18-3.el9.x86_64.rpm
    repoid: ubi-9-for-x86_64-appstream-rpms
    size: 33101
    checksum: sha256:c1d171391a7d2e043a6953efd3df3e01edc9b4c6cdb54517e1608d204a5fce18
    name: libxcrypt-devel
    evr: 4.4.18-3.el9
    sourcerpm: libxcrypt-4.4.18-3.el9.src.rpm
  - url: https://cdn-ubi.redhat.com/content/public/ubi/dist/ubi9/9/x86_64/baseos/os/Packages/b/binutils-2.35.2-67.el9.x86_64.rpm
    repoid: ubi-9-for-x86_64-baseos-rpms
    size: 4810678
    checksum: sha256:78c845cd6cee33a145f31ee2cd0433d10f1c610997478997f9110acebdd4f0e6
    name: binutils
    evr: 2.35.2-67.el9
    sourcerpm: binutils-2.35.2-67.el9.src.rpm
  - url: https://cdn-ubi.redhat.com/content/public/ubi/dist/ubi9/9/x86_64/baseos/os/Packages/b/binutils-gold-2.35.2-67.el9.x86_64.rpm
    repoid: ubi-9-for-x86_64-baseos-rpms
    size: 751438
    checksum: sha256:fb30087a4d1f89875e310d8c0a53b8152d99b0b557093d481ee4a46b8c0c5242
    name: binutils-gold
    evr: 2.35.2-67.el9
    sourcerpm: binutils-2.35.2-67.el9.src.rpm
  - url: https://cdn-ubi.redhat.com/content/public/ubi/dist/ubi9/9/x86_64/baseos/os/Packages/e/elfutils-debuginfod-client-0.193-1.el9.x86_64.rpm
    repoid: ubi-9-for-x86_64-baseos-rpms
    size: 44629
    checksum: sha256:595b16ef65e5310e6091af8e9ff9dc378249ab3d739f7b02881b3eb33c9acce6
    name: elfutils-debuginfod-client
    evr: 0.193-1.el9
    sourcerpm: elfutils-0.193-1.el9.src.rpm
  - url: https://cdn-ubi.redhat.com/content/public/ubi/dist/ubi9/9/x86_64/baseos/os/Packages/e/elfutils-default-yama-scope-0.193-1.el9.noarch.rpm
    repoid: ubi-9-for-x86_64-baseos-rpms
    size: 9949
    checksum: sha256:8f64d1675627246b912a6b7b71bb4c28c2d1ef09753208253c90253a4a31132f
    name: elfutils-default-yama-scope
    evr: 0.193-1.el9
    sourcerpm: elfutils-0.193-1.el9.src.rpm
  - url: https://cdn-ubi.redhat.com/content/public/ubi/dist/ubi9/9/x86_64/baseos/os/Packages/e/elfutils-libelf-0.193-1.el9.x86_64.rpm
    repoid: ubi-9-for-x86_64-baseos-rpms
    size: 209533
    checksum: sha256:c37308dadac722a4fc928cb4b919c0c5561c458169f754beb7375eb067012195
    name: elfutils-libelf
    evr: 0.193-1.el9
    sourcerpm: elfutils-0.193-1.el9.src.rpm
  - url: https://cdn-ubi.redhat.com/content/public/ubi/dist/ubi9/9/x86_64/baseos/os/Packages/e/elfutils-libs-0.193-1.el9.x86_64.rpm
    repoid: ubi-9-for-x86_64-baseos-rpms
    size: 274462
    checksum: sha256:a1e6d8396c33dadf7f8f568284e90238e0e1d68a77b2c6c4b2e4ff00ff233e70
    name: elfutils-libs
    evr: 0.193-1.el9
    sourcerpm: elfutils-0.193-1.el9.src.rpm
  - url: https://cdn-ubi.redhat.com/content/public/ubi/dist/ubi9/9/x86_64/baseos/os/Packages/g/glibc-2.34-231.el9_7.2.x86_64.rpm
    repoid: ubi-9-for-x86_64-baseos-rpms
    size: 2074021
    checksum: sha256:d66bcbe73831d22598af6d930ed542e6740671568764894a51f36c1d9d16e96e
    name: glibc
    evr: 2.34-231.el9_7.2
    sourcerpm: glibc-2.34-231.el9_7.2.src.rpm
  - url: https://cdn-ubi.redhat.com/content/public/ubi/dist/ubi9/9/x86_64/baseos/os/Packages/g/glibc-common-2.34-231.el9_7.2.x86_64.rpm
    repoid: ubi-9-for-x86_64-baseos-rpms
    size: 313407
    checksum: sha256:1c4c2f8e57ae9c9b7e751749de3af85615d936123625d802aaef5a28c068a670
    name: glibc-common
    evr: 2.34-231.el9_7.2
    sourcerpm: glibc-2.34-231.el9_7.2.src.rpm
  - url: https://cdn-ubi.redhat.com/content/public/ubi/dist/ubi9/9/x86_64/baseos/os/Packages/g/glibc-langpack-en-2.34-231.el9_7.2.x86_64.rpm
    repoid: ubi-9-for-x86_64-baseos-rpms
    size: 675632
    checksum: sha256:ea201629802684a4e09563ca2ef138fc02c6a4f9f977fbfe34a6ff12c2305722
    name: glibc-langpack-en
    evr: 2.34-231.el9_7.2
    sourcerpm: glibc-2.34-231.el9_7.2.src.rpm
  - url: https://cdn-ubi.redhat.com/content/public/ubi/dist/ubi9/9/x86_64/baseos/os/Packages/g/glibc-minimal-langpack-2.34-231.el9_7.2.x86_64.rpm
    repoid: ubi-9-for-x86_64-baseos-rpms
    size: 22065
    checksum: sha256:7af1a2a9d1c8cff3e267cfb43a09fe3aeac587e6f2bad89d8bbbd04a3ef740c0
    name: glibc-minimal-langpack
    evr: 2.34-231.el9_7.2
    sourcerpm: glibc-2.34-231.el9_7.2.src.rpm
  - url: https://cdn-ubi.redhat.com/content/public/ubi/dist/ubi9/9/x86_64/baseos/os/Packages/l/libgcc-11.5.0-11.el9.x86_64.rpm
    repoid: ubi-9-for-x86_64-baseos-rpms
    size: 87015
    checksum: sha256:356a49e90f3f0196e94348f4820e5282ac126f2885ac21640d989cdd76240bec
    name: libgcc
    evr: 11.5.0-11.el9
    sourcerpm: gcc-11.5.0-11.el9.src.rpm
  - url: https://cdn-ubi.redhat.com/content/public/ubi/dist/ubi9/9/x86_64/baseos/os/Packages/l/libgomp-11.5.0-11.el9.x86_64.rpm
    repoid: ubi-9-for-x86_64-baseos-rpms
    size: 263529
    checksum: sha256:da7aa3b4934ff0ccf24f925b8216654cf9c9881f64075e2fde1da4f560ca5c2f
    name: libgomp
    evr: 11.5.0-11.el9
    sourcerpm: gcc-11.5.0-11.el9.src.rpm
  - url: https://cdn-ubi.redhat.com/content/public/ubi/dist/ubi9/9/x86_64/baseos/os/Packages/l/libpkgconf-1.7.3-10.el9.x86_64.rpm
    repoid: ubi-9-for-x86_64-baseos-rpms
    size: 38387
    checksum: sha256:4feae5941b73640bd86b8d506a657cac5b770043db1464fbcd207721b2159dda
    name: libpkgconf
    evr: 1.7.3-10.el9
    sourcerpm: pkgconf-1.7.3-10.el9.src.rpm
  - url: https://cdn-ubi.redhat.com/content/public/ubi/dist/ubi9/9/x86_64/baseos/os/Packages/l/libstdc++-11.5.0-11.el9.x86_64.rpm
    repoid: ubi-9-for-x86_64-baseos-rpms
    size: 760086
    checksum: sha256:1a51f54f665eff74b70ff228e8aa493c76e26467cb8681e158773e7a6e4e31c5
    name: libstdc++
    evr: 11.5.0-11.el9
    sourcerpm: gcc-11.5.0-11.el9.src.rpm
  - url: https://cdn-ubi.redhat.com/content/public/ubi/dist/ubi9/9/x86_64/baseos/os/Packages/m/make-4.3-8.el9.x86_64.rpm
    repoid: ubi-9-for-x86_64-baseos-rpms
    size: 553896
    checksum: sha256:561f0c2251e9217c81a6c88de4d2d9231a039aaab37e8a0d2559d36ce9fa85fd
    name: make
    evr: 1:4.3-8.el9
    sourcerpm: make-4.3-8.el9.src.rpm
  - url: https://cdn-ubi.redhat.com/content/public/ubi/dist/ubi9/9/x86_64/baseos/os/Packages/p/pkgconf-1.7.3-10.el9.x86_64.rpm
    repoid: ubi-9-for-x86_64-baseos-rpms
    size: 45675
    checksum: sha256:bb47b4ecc499c308f41031a99e723827d152d5d750f59849d0c265d820944a26
    name: pkgconf
    evr: 1.7.3-10.el9
    sourcerpm: pkgconf-1.7.3-10.el9.src.rpm
  - url: https://cdn-ubi.redhat.com/content/public/ubi/dist/ubi9/9/x86_64/baseos/os/Packages/p/pkgconf-m4-1.7.3-10.el9.noarch.rpm
    repoid: ubi-9-for-x86_64-baseos-rpms
    size: 16054
    checksum: sha256:91bafd6e06099451f60288327b275cfcc651822f6145176a157c6b0fa5131e02
    name: pkgconf-m4
    evr: 1.7.3-10.el9
    sourcerpm: pkgconf-1.7.3-10.el9.src.rpm
  - url: https://cdn-ubi.redhat.com/content/public/ubi/dist/ubi9/9/x86_64/baseos/os/Packages/p/pkgconf-pkg-config-1.7.3-10.el9.x86_64.rpm
    repoid: ubi-9-for-x86_64-baseos-rpms
    size: 12438
    checksum: sha256:9a502d81d73d3303ceb53a06ad7ce525c97117ea64352174a33708bf3429283d
    name: pkgconf-pkg-config
    evr: 1.7.3-10.el9
    sourcerpm: pkgconf-1.7.3-10.el9.src.rpm
  - url: https://rhsm-pulp.corp.redhat.com/content/dist/layered/rhel9/x86_64/rhelai/3.0/os/Packages/z/zeromq-4.3.5-1.el9ai.x86_64.rpm
    repoid: rhelai-3.0-for-rhel-9-x86_64-rpms
    size: 415471
    checksum: sha256:e0c5acf69309e97094d58719014fb3f137e6e46eae874e363ee234ef61ece076
    name: zeromq
    evr: 4.3.5-1.el9ai
    sourcerpm: zeromq-4.3.5-1.el9ai.src.rpm
  - url: https://rhsm-pulp.corp.redhat.com/content/dist/layered/rhel9/x86_64/rhelai/3.0/os/Packages/z/zeromq-devel-4.3.5-1.el9ai.x86_64.rpm
    repoid: rhelai-3.0-for-rhel-9-x86_64-rpms
    size: 15492
    checksum: sha256:cbd24ef0e3d8c970fde0278d962b3333977c1a558c6822ff686f3f3cea917b9c
    name: zeromq-devel
    evr: 4.3.5-1.el9ai
    sourcerpm: zeromq-4.3.5-1.el9ai.src.rpm
  source:
  - url: https://cdn-ubi.redhat.com/content/public/ubi/dist/ubi9/9/x86_64/appstream/source/SRPMS/Packages/l/libmpc-1.2.1-4.el9.src.rpm
    repoid: ubi-9-for-x86_64-appstream-source-rpms
    size: 846236
    checksum: sha256:47774c27b65e63251f3a1cea99efbe8caed86448a573e34a44ab28ad88cc3ece
    name: libmpc
    evr: 1.2.1-4.el9
  - url: https://cdn-ubi.redhat.com/content/public/ubi/dist/ubi9/9/x86_64/baseos/source/SRPMS/Packages/b/binutils-2.35.2-67.el9.src.rpm
    repoid: ubi-9-for-x86_64-baseos-source-rpms
    size: 22466144
    checksum: sha256:808329b18e0f35131b96708146d1f8bbd4065e97c1c85309f87f65eaa2b93ba9
    name: binutils
    evr: 2.35.2-67.el9
  - url: https://cdn-ubi.redhat.com/content/public/ubi/dist/ubi9/9/x86_64/baseos/source/SRPMS/Packages/e/elfutils-0.193-1.el9.src.rpm
    repoid: ubi-9-for-x86_64-baseos-source-rpms
    size: 12000622
    checksum: sha256:bc3e7c1e374a3756ced155ef6a556639415967b34adf643c8056323123e0281b
    name: elfutils
    evr: 0.193-1.el9
  - url: https://cdn-ubi.redhat.com/content/public/ubi/dist/ubi9/9/x86_64/baseos/source/SRPMS/Packages/g/gcc-11.5.0-11.el9.src.rpm
    repoid: ubi-9-for-x86_64-baseos-source-rpms
    size: 81971986
    checksum: sha256:4ab595dc52e7a66f9cb067e55081e9ba4e2cb577187cf1ac9a2e92e07c295560
    name: gcc
    evr: 11.5.0-11.el9
  - url: https://cdn-ubi.redhat.com/content/public/ubi/dist/ubi9/9/x86_64/baseos/source/SRPMS/Packages/g/glibc-2.34-231.el9_7.2.src.rpm
    repoid: ubi-9-for-x86_64-baseos-source-rpms
    size: 20247873
    checksum: sha256:a1638d70dfd1554dbcca0ef6187a3387bb36f6e2b8f484b553f52a4be15a2fd1
    name: glibc
    evr: 2.34-231.el9_7.2
  - url: https://cdn-ubi.redhat.com/content/public/ubi/dist/ubi9/9/x86_64/baseos/source/SRPMS/Packages/l/libxcrypt-4.4.18-3.el9.src.rpm
    repoid: ubi-9-for-x86_64-baseos-source-rpms
    size: 543970
    checksum: sha256:d18f72eb41ecd0370e2e47f1dc5774be54e9ff3b4dd333578017666c7c488f40
    name: libxcrypt
    evr: 4.4.18-3.el9
  - url: https://cdn-ubi.redhat.com/content/public/ubi/dist/ubi9/9/x86_64/baseos/source/SRPMS/Packages/m/make-4.3-8.el9.src.rpm
    repoid: ubi-9-for-x86_64-baseos-source-rpms
    size: 2335546
    checksum: sha256:a5cc45d6c158b255cda528c496dbb8bc7783acb9898b97a39a1811230e102d7c
    name: make
    evr: 1:4.3-8.el9
  - url: https://cdn-ubi.redhat.com/content/public/ubi/dist/ubi9/9/x86_64/baseos/source/SRPMS/Packages/p/pkgconf-1.7.3-10.el9.src.rpm
    repoid: ubi-9-for-x86_64-baseos-source-rpms
    size: 310904
    checksum: sha256:4d53718592b298ca7c49665b1f4e7bd32dcb42cad15c89345585da9f20d4fcae
    name: pkgconf
    evr: 1.7.3-10.el9
  - url: https://rhsm-pulp.corp.redhat.com/content/dist/layered/rhel9/x86_64/rhelai/3.0/source/SRPMS/Packages/z/zeromq-4.3.5-1.el9ai.src.rpm
    repoid: rhelai-3.0-for-rhel-9-x86_64-source-rpms
    size: 876724
    checksum: sha256:220b3422395bcf91cec4f9e81d2ebca94c49ade04d66310d6e715aa6434f1168
    name: zeromq
    evr: 4.3.5-1.el9ai
  module_metadata: []
