---
lockfileVersion: 1
lockfileVendor: redhat
arches:
- arch: aarch64
  packages:
  - url: https://rhsm-pulp.corp.redhat.com/content/dist/layered/rhel9/aarch64/rhelai/3.0/os/Packages/z/zeromq-4.3.5-1.el9ai.aarch64.rpm
    repoid: rhelai-3.0-for-rhel-9-aarch64-rpms
    size: 398640
    checksum: sha256:f6afffa38b567687a5fdb5e0b479b24a26ae77dff9901c98bd1c84c5e9e44a56
    name: zeromq
    evr: 4.3.5-1.el9ai
    sourcerpm: zeromq-4.3.5-1.el9ai.src.rpm
  - url: https://rhsm-pulp.corp.redhat.com/content/dist/layered/rhel9/aarch64/rhelai/3.0/os/Packages/z/zeromq-devel-4.3.5-1.el9ai.aarch64.rpm
    repoid: rhelai-3.0-for-rhel-9-aarch64-rpms
    size: 15460
    checksum: sha256:b3d2c98f2fd087a8d08fcc93bc83d086c1b350efedf4970bc7784e790b82470f
    name: zeromq-devel
    evr: 4.3.5-1.el9ai
    sourcerpm: zeromq-4.3.5-1.el9ai.src.rpm
  source:
  - url: https://rhsm-pulp.corp.redhat.com/content/dist/layered/rhel9/aarch64/rhelai/3.0/source/SRPMS/Packages/z/zeromq-4.3.5-1.el9ai.src.rpm
    repoid: rhelai-3.0-for-rhel-9-aarch64-source-rpms
    size: 876724
    checksum: sha256:220b3422395bcf91cec4f9e81d2ebca94c49ade04d66310d6e715aa6434f1168
    name: zeromq
    evr: 4.3.5-1.el9ai
  module_metadata: []
- arch: x86_64
  packages:
  - url: https://rhsm-pulp.corp.redhat.com/content/dist/layered/rhel9/x86_64/rhelai/3.0/os/Packages/z/zeromq-4.3.5-1.el9ai.x86_64.rpm
    repoid: rhelai-3.0-for-rhel-9-x86_64-rpms
    size: 415471
    checksum: sha256:e0c5acf69309e97094d58719014fb3f137e6e46eae874e363ee234ef61ece076
    name: zeromq
    evr: 4.3.5-1.el9ai
    sourcerpm: zeromq-4.3.5-1.el9ai.src.rpm
  - url: https://rhsm-pulp.corp.redhat.com/content/dist/layered/rhel9/x86_64/rhelai/3.0/os/Packages/z/zeromq-devel-4.3.5-1.el9ai.x86_64.rpm
    repoid: rhelai-3.0-for-rhel-9-x86_64-rpms
    size: 15492
    checksum: sha256:cbd24ef0e3d8c970fde0278d962b3333977c1a558c6822ff686f3f3cea917b9c
    name: zeromq-devel
    evr: 4.3.5-1.el9ai
    sourcerpm: zeromq-4.3.5-1.el9ai.src.rpm
  source:
  - url: https://rhsm-pulp.corp.redhat.com/content/dist/layered/rhel9/x86_64/rhelai/3.0/source/SRPMS/Packages/z/zeromq-4.3.5-1.el9ai.src.rpm
    repoid: rhelai-3.0-for-rhel-9-x86_64-source-rpms
    size: 876724
    checksum: sha256:220b3422395bcf91cec4f9e81d2ebca94c49ade04d66310d6e715aa6434f1168
    name: zeromq
    evr: 4.3.5-1.el9ai
  module_metadata: []
